
Microsoft Visual Studio Solution File, Format Version 12.00
# Visual Studio Version 17
VisualStudioVersion = 17.5.33414.496
MinimumVisualStudioVersion = 10.0.40219.1
Project("{FAE04EC0-301F-11D3-BF4B-00C04F79EFBC}") = "Task B", "Task B\Task B.csproj", "{DD1537CD-47CA-47A3-B1ED-BBA477805346}"
EndProject
Global
	GlobalSection(SolutionConfigurationPlatforms) = preSolution
		Debug|Any CPU = Debug|Any CPU
		Release|Any CPU = Release|Any CPU
	EndGlobalSection
	GlobalSection(ProjectConfigurationPlatforms) = postSolution
		{DD1537CD-47CA-47A3-B1ED-BBA477805346}.Debug|Any CPU.ActiveCfg = Debug|Any CPU
		{DD1537CD-47CA-47A3-B1ED-BBA477805346}.Debug|Any CPU.Build.0 = Debug|Any CPU
		{DD1537CD-47CA-47A3-B1ED-BBA477805346}.Release|Any CPU.ActiveCfg = Release|Any CPU
		{DD1537CD-47CA-47A3-B1ED-BBA477805346}.Release|Any CPU.Build.0 = Release|Any CPU
	EndGlobalSection
	GlobalSection(SolutionProperties) = preSolution
		HideSolutionNode = FALSE
	EndGlobalSection
	GlobalSection(ExtensibilityGlobals) = postSolution
		SolutionGuid = {1B0F1C48-1A7C-4D49-A8DB-0980656107E2}
	EndGlobalSection
EndGlobal
